<?xml version="1.0" encoding="UTF-8"?>
<CodeBlocks_project_file>
	<FileVersion major="1" minor="6"/>
	<Project>
		<Option title="SportsCar"/>
		<Option makefile_is_custom="1"/>
		<Option compiler="gcc"/>
		<Option virtualFolders="CMake Files\;"/>
		<Build>
			<Target title="all">
				<Option working_dir="/home/batman/warmup/01/build-SportsCar-Desktop_Qt_5_14_2_GCC_64bit-Debug"/>
				<Option type="4"/>
				<MakeCommands>
					<Build command="/usr/bin/make -j16 -f &quot;/home/batman/warmup/01/build-SportsCar-Desktop_Qt_5_14_2_GCC_64bit-Debug/Makefile&quot;  VERBOSE=1 all"/>
					<CompileFile command="/usr/bin/make -j16 -f &quot;/home/batman/warmup/01/build-SportsCar-Desktop_Qt_5_14_2_GCC_64bit-Debug/Makefile&quot;  VERBOSE=1 &quot;$file&quot;"/>
					<Clean command="/usr/bin/make -j16 -f &quot;/home/batman/warmup/01/build-SportsCar-Desktop_Qt_5_14_2_GCC_64bit-Debug/Makefile&quot;  VERBOSE=1 clean"/>
					<DistClean command="/usr/bin/make -j16 -f &quot;/home/batman/warmup/01/build-SportsCar-Desktop_Qt_5_14_2_GCC_64bit-Debug/Makefile&quot;  VERBOSE=1 clean"/>
				</MakeCommands>
			</Target>
			<Target title="SportsCar">
				<Option output="/home/batman/warmup/01/build-SportsCar-Desktop_Qt_5_14_2_GCC_64bit-Debug/SportsCar" prefix_auto="0" extension_auto="0"/>
				<Option working_dir="/home/batman/warmup/01/build-SportsCar-Desktop_Qt_5_14_2_GCC_64bit-Debug"/>
				<Option object_output="./"/>
				<Option type="1"/>
				<Option compiler="gcc"/>
				<Compiler>
					<Add directory="/home/batman/warmup/01/SportsCar"/>
					<Add directory="/usr/include/c++/9"/>
					<Add directory="/usr/include/x86_64-linux-gnu/c++/9"/>
					<Add directory="/usr/include/c++/9/backward"/>
					<Add directory="/usr/lib/gcc/x86_64-linux-gnu/9/include"/>
					<Add directory="/usr/local/include"/>
					<Add directory="/usr/include/x86_64-linux-gnu"/>
					<Add directory="/usr/include"/>
				</Compiler>
				<MakeCommands>
					<Build command="/usr/bin/make -j16 -f &quot;/home/batman/warmup/01/build-SportsCar-Desktop_Qt_5_14_2_GCC_64bit-Debug/Makefile&quot;  VERBOSE=1 SportsCar"/>
					<CompileFile command="/usr/bin/make -j16 -f &quot;/home/batman/warmup/01/build-SportsCar-Desktop_Qt_5_14_2_GCC_64bit-Debug/Makefile&quot;  VERBOSE=1 &quot;$file&quot;"/>
					<Clean command="/usr/bin/make -j16 -f &quot;/home/batman/warmup/01/build-SportsCar-Desktop_Qt_5_14_2_GCC_64bit-Debug/Makefile&quot;  VERBOSE=1 clean"/>
					<DistClean command="/usr/bin/make -j16 -f &quot;/home/batman/warmup/01/build-SportsCar-Desktop_Qt_5_14_2_GCC_64bit-Debug/Makefile&quot;  VERBOSE=1 clean"/>
				</MakeCommands>
			</Target>
			<Target title="SportsCar/fast">
				<Option output="/home/batman/warmup/01/build-SportsCar-Desktop_Qt_5_14_2_GCC_64bit-Debug/SportsCar" prefix_auto="0" extension_auto="0"/>
				<Option working_dir="/home/batman/warmup/01/build-SportsCar-Desktop_Qt_5_14_2_GCC_64bit-Debug"/>
				<Option object_output="./"/>
				<Option type="1"/>
				<Option compiler="gcc"/>
				<Compiler>
					<Add directory="/home/batman/warmup/01/SportsCar"/>
					<Add directory="/usr/include/c++/9"/>
					<Add directory="/usr/include/x86_64-linux-gnu/c++/9"/>
					<Add directory="/usr/include/c++/9/backward"/>
					<Add directory="/usr/lib/gcc/x86_64-linux-gnu/9/include"/>
					<Add directory="/usr/local/include"/>
					<Add directory="/usr/include/x86_64-linux-gnu"/>
					<Add directory="/usr/include"/>
				</Compiler>
				<MakeCommands>
					<Build command="/usr/bin/make -j16 -f &quot;/home/batman/warmup/01/build-SportsCar-Desktop_Qt_5_14_2_GCC_64bit-Debug/Makefile&quot;  VERBOSE=1 SportsCar/fast"/>
					<CompileFile command="/usr/bin/make -j16 -f &quot;/home/batman/warmup/01/build-SportsCar-Desktop_Qt_5_14_2_GCC_64bit-Debug/Makefile&quot;  VERBOSE=1 &quot;$file&quot;"/>
					<Clean command="/usr/bin/make -j16 -f &quot;/home/batman/warmup/01/build-SportsCar-Desktop_Qt_5_14_2_GCC_64bit-Debug/Makefile&quot;  VERBOSE=1 clean"/>
					<DistClean command="/usr/bin/make -j16 -f &quot;/home/batman/warmup/01/build-SportsCar-Desktop_Qt_5_14_2_GCC_64bit-Debug/Makefile&quot;  VERBOSE=1 clean"/>
				</MakeCommands>
			</Target>
			<Target title="edit_cache">
				<Option working_dir="/home/batman/warmup/01/build-SportsCar-Desktop_Qt_5_14_2_GCC_64bit-Debug"/>
				<Option type="4"/>
				<MakeCommands>
					<Build command="/usr/bin/make -j16 -f &quot;/home/batman/warmup/01/build-SportsCar-Desktop_Qt_5_14_2_GCC_64bit-Debug/Makefile&quot;  VERBOSE=1 edit_cache"/>
					<CompileFile command="/usr/bin/make -j16 -f &quot;/home/batman/warmup/01/build-SportsCar-Desktop_Qt_5_14_2_GCC_64bit-Debug/Makefile&quot;  VERBOSE=1 &quot;$file&quot;"/>
					<Clean command="/usr/bin/make -j16 -f &quot;/home/batman/warmup/01/build-SportsCar-Desktop_Qt_5_14_2_GCC_64bit-Debug/Makefile&quot;  VERBOSE=1 clean"/>
					<DistClean command="/usr/bin/make -j16 -f &quot;/home/batman/warmup/01/build-SportsCar-Desktop_Qt_5_14_2_GCC_64bit-Debug/Makefile&quot;  VERBOSE=1 clean"/>
				</MakeCommands>
			</Target>
			<Target title="rebuild_cache">
				<Option working_dir="/home/batman/warmup/01/build-SportsCar-Desktop_Qt_5_14_2_GCC_64bit-Debug"/>
				<Option type="4"/>
				<MakeCommands>
					<Build command="/usr/bin/make -j16 -f &quot;/home/batman/warmup/01/build-SportsCar-Desktop_Qt_5_14_2_GCC_64bit-Debug/Makefile&quot;  VERBOSE=1 rebuild_cache"/>
					<CompileFile command="/usr/bin/make -j16 -f &quot;/home/batman/warmup/01/build-SportsCar-Desktop_Qt_5_14_2_GCC_64bit-Debug/Makefile&quot;  VERBOSE=1 &quot;$file&quot;"/>
					<Clean command="/usr/bin/make -j16 -f &quot;/home/batman/warmup/01/build-SportsCar-Desktop_Qt_5_14_2_GCC_64bit-Debug/Makefile&quot;  VERBOSE=1 clean"/>
					<DistClean command="/usr/bin/make -j16 -f &quot;/home/batman/warmup/01/build-SportsCar-Desktop_Qt_5_14_2_GCC_64bit-Debug/Makefile&quot;  VERBOSE=1 clean"/>
				</MakeCommands>
			</Target>
		</Build>
		<Unit filename="/home/batman/warmup/01/SportsCar/car.cpp">
			<Option target="SportsCar"/>
		</Unit>
		<Unit filename="/home/batman/warmup/01/SportsCar/car.h">
			<Option target="SportsCar"/>
		</Unit>
		<Unit filename="/home/batman/warmup/01/SportsCar/main.cpp">
			<Option target="SportsCar"/>
		</Unit>
		<Unit filename="/home/batman/warmup/01/SportsCar/sportscar.cpp">
			<Option target="SportsCar"/>
		</Unit>
		<Unit filename="/home/batman/warmup/01/SportsCar/sportscar.h">
			<Option target="SportsCar"/>
		</Unit>
		<Unit filename="/home/batman/warmup/01/SportsCar/CMakeLists.txt">
			<Option virtualFolder="CMake Files\"/>
		</Unit>
	</Project>
</CodeBlocks_project_file>
